
Microsoft Visual Studio Solution File, Format Version 12.00
# Visual Studio Version 16
VisualStudioVersion = 16.0.30717.126
MinimumVisualStudioVersion = 10.0.40219.1
Project("{FAE04EC0-301F-11D3-BF4B-00C04F79EFBC}") = "RateCorrilator", "RateCorrilator\RateCorrilator.csproj", "{CAC593DC-979E-4B2D-AE0F-279DAF64CC41}"
EndProject
Global
	GlobalSection(SolutionConfigurationPlatforms) = preSolution
		Debug|Any CPU = Debug|Any CPU
		Release|Any CPU = Release|Any CPU
	EndGlobalSection
	GlobalSection(ProjectConfigurationPlatforms) = postSolution
		{CAC593DC-979E-4B2D-AE0F-279DAF64CC41}.Debug|Any CPU.ActiveCfg = Debug|Any CPU
		{CAC593DC-979E-4B2D-AE0F-279DAF64CC41}.Debug|Any CPU.Build.0 = Debug|Any CPU
		{CAC593DC-979E-4B2D-AE0F-279DAF64CC41}.Release|Any CPU.ActiveCfg = Release|Any CPU
		{CAC593DC-979E-4B2D-AE0F-279DAF64CC41}.Release|Any CPU.Build.0 = Release|Any CPU
	EndGlobalSection
	GlobalSection(SolutionProperties) = preSolution
		HideSolutionNode = FALSE
	EndGlobalSection
	GlobalSection(ExtensibilityGlobals) = postSolution
		SolutionGuid = {94554D45-C71D-4D00-8B9E-0DBD72C81E58}
	EndGlobalSection
EndGlobal
